// !$*UTF8*$!
{
	archiveVersion = 1;
	classes = {
	};
	objectVersion = 46;
	objects = {

/* Begin PBXBuildFile section */
		9DDF09ED1E96B95B007DF849 /* AppDelegate.swift in Sources */ = {isa = PBXBuildFile; fileRef = 9DDF09EC1E96B95B007DF849 /* AppDelegate.swift */; };
		9DDF09EF1E96B95B007DF849 /* ViewController.swift in Sources */ = {isa = PBXBuildFile; fileRef = 9DDF09EE1E96B95B007DF849 /* ViewController.swift */; };
		9DDF09F21E96B95B007DF849 /* Main.storyboard in Resources */ = {isa = PBXBuildFile; fileRef = 9DDF09F01E96B95B007DF849 /* Main.storyboard */; };
		9DDF09F41E96B95B007DF849 /* Assets.xcassets in Resources */ = {isa = PBXBuildFile; fileRef = 9DDF09F31E96B95B007DF849 /* Assets.xcassets */; };
		9DDF09F71E96B95B007DF849 /* LaunchScreen.storyboard in Resources */ = {isa = PBXBuildFile; fileRef = 9DDF09F51E96B95B007DF849 /* LaunchScreen.storyboard */; };
		9DDF0A021E96B95B007DF849 /* AutoMocksTests.swift in Sources */ = {isa = PBXBuildFile; fileRef = 9DDF0A011E96B95B007DF849 /* AutoMocksTests.swift */; };
		9DDF0A121E96BBD9007DF849 /* AutoEquatable.stencil in Resources */ = {isa = PBXBuildFile; fileRef = 9DDF0A111E96BBD9007DF849 /* AutoEquatable.stencil */; };
		9DDF0A171E96BC59007DF849 /* AutoCases.stencil in Resources */ = {isa = PBXBuildFile; fileRef = 9DDF0A131E96BC59007DF849 /* AutoCases.stencil */; };
		9DDF0A181E96BC59007DF849 /* AutoDiffable.stencil in Resources */ = {isa = PBXBuildFile; fileRef = 9DDF0A141E96BC59007DF849 /* AutoDiffable.stencil */; };
		9DDF0A191E96BC59007DF849 /* AutoHashable.stencil in Resources */ = {isa = PBXBuildFile; fileRef = 9DDF0A151E96BC59007DF849 /* AutoHashable.stencil */; };
		9DDF0A1A1E96BC59007DF849 /* AutoMockable.stencil in Resources */ = {isa = PBXBuildFile; fileRef = 9DDF0A161E96BC59007DF849 /* AutoMockable.stencil */; };
		9DDF0A1E1E96BCEE007DF849 /* Actors.swift in Sources */ = {isa = PBXBuildFile; fileRef = 9DDF0A1B1E96BCEE007DF849 /* Actors.swift */; };
		9DDF0A201E96BCEE007DF849 /* Models.swift in Sources */ = {isa = PBXBuildFile; fileRef = 9DDF0A1D1E96BCEE007DF849 /* Models.swift */; };
		9DDF0A271E96BD5A007DF849 /* AutoCases.generated.swift in Sources */ = {isa = PBXBuildFile; fileRef = 9DDF0A221E96BD5A007DF849 /* AutoCases.generated.swift */; };
		9DDF0A281E96BD5A007DF849 /* AutoDiffable.generated.swift in Sources */ = {isa = PBXBuildFile; fileRef = 9DDF0A231E96BD5A007DF849 /* AutoDiffable.generated.swift */; };
		9DDF0A291E96BD5A007DF849 /* AutoEquatable.generated.swift in Sources */ = {isa = PBXBuildFile; fileRef = 9DDF0A241E96BD5A007DF849 /* AutoEquatable.generated.swift */; };
		9DDF0A2A1E96BD5A007DF849 /* AutoHashable.generated.swift in Sources */ = {isa = PBXBuildFile; fileRef = 9DDF0A251E96BD5A007DF849 /* AutoHashable.generated.swift */; };
		9DDF0A2B1E96BD5A007DF849 /* AutoMockable.generated.swift in Sources */ = {isa = PBXBuildFile; fileRef = 9DDF0A261E96BD5A007DF849 /* AutoMockable.generated.swift */; };
/* End PBXBuildFile section */

/* Begin PBXContainerItemProxy section */
		9DDF09FE1E96B95B007DF849 /* PBXContainerItemProxy */ = {
			isa = PBXContainerItemProxy;
			containerPortal = 9DDF09E11E96B95B007DF849 /* Project object */;
			proxyType = 1;
			remoteGlobalIDString = 9DDF09E81E96B95B007DF849;
			remoteInfo = AutoMocks;
		};
/* End PBXContainerItemProxy section */

/* Begin PBXFileReference section */
		9DDF09E91E96B95B007DF849 /* AutoMocks.app */ = {isa = PBXFileReference; explicitFileType = wrapper.application; includeInIndex = 0; path = AutoMocks.app; sourceTree = BUILT_PRODUCTS_DIR; };
		9DDF09EC1E96B95B007DF849 /* AppDelegate.swift */ = {isa = PBXFileReference; lastKnownFileType = sourcecode.swift; path = AppDelegate.swift; sourceTree = "<group>"; };
		9DDF09EE1E96B95B007DF849 /* ViewController.swift */ = {isa = PBXFileReference; lastKnownFileType = sourcecode.swift; path = ViewController.swift; sourceTree = "<group>"; };
		9DDF09F11E96B95B007DF849 /* Base */ = {isa = PBXFileReference; lastKnownFileType = file.storyboard; name = Base; path = Base.lproj/Main.storyboard; sourceTree = "<group>"; };
		9DDF09F31E96B95B007DF849 /* Assets.xcassets */ = {isa = PBXFileReference; lastKnownFileType = folder.assetcatalog; path = Assets.xcassets; sourceTree = "<group>"; };
		9DDF09F61E96B95B007DF849 /* Base */ = {isa = PBXFileReference; lastKnownFileType = file.storyboard; name = Base; path = Base.lproj/LaunchScreen.storyboard; sourceTree = "<group>"; };
		9DDF09F81E96B95B007DF849 /* Info.plist */ = {isa = PBXFileReference; lastKnownFileType = text.plist.xml; path = Info.plist; sourceTree = "<group>"; };
		9DDF09FD1E96B95B007DF849 /* AutoMocksTests.xctest */ = {isa = PBXFileReference; explicitFileType = wrapper.cfbundle; includeInIndex = 0; path = AutoMocksTests.xctest; sourceTree = BUILT_PRODUCTS_DIR; };
		9DDF0A011E96B95B007DF849 /* AutoMocksTests.swift */ = {isa = PBXFileReference; lastKnownFileType = sourcecode.swift; path = AutoMocksTests.swift; sourceTree = "<group>"; };
		9DDF0A031E96B95B007DF849 /* Info.plist */ = {isa = PBXFileReference; lastKnownFileType = text.plist.xml; path = Info.plist; sourceTree = "<group>"; };
		9DDF0A0C1E96B9AF007DF849 /* monitor.sh */ = {isa = PBXFileReference; lastKnownFileType = text.script.sh; path = monitor.sh; sourceTree = "<group>"; };
		9DDF0A111E96BBD9007DF849 /* AutoEquatable.stencil */ = {isa = PBXFileReference; fileEncoding = 4; lastKnownFileType = text; path = AutoEquatable.stencil; sourceTree = "<group>"; };
		9DDF0A131E96BC59007DF849 /* AutoCases.stencil */ = {isa = PBXFileReference; fileEncoding = 4; lastKnownFileType = text; path = AutoCases.stencil; sourceTree = "<group>"; };
		9DDF0A141E96BC59007DF849 /* AutoDiffable.stencil */ = {isa = PBXFileReference; fileEncoding = 4; lastKnownFileType = text; path = AutoDiffable.stencil; sourceTree = "<group>"; };
		9DDF0A151E96BC59007DF849 /* AutoHashable.stencil */ = {isa = PBXFileReference; fileEncoding = 4; lastKnownFileType = text; path = AutoHashable.stencil; sourceTree = "<group>"; };
		9DDF0A161E96BC59007DF849 /* AutoMockable.stencil */ = {isa = PBXFileReference; fileEncoding = 4; lastKnownFileType = text; path = AutoMockable.stencil; sourceTree = "<group>"; };
		9DDF0A1B1E96BCEE007DF849 /* Actors.swift */ = {isa = PBXFileReference; fileEncoding = 4; lastKnownFileType = sourcecode.swift; path = Actors.swift; sourceTree = "<group>"; };
		9DDF0A1D1E96BCEE007DF849 /* Models.swift */ = {isa = PBXFileReference; fileEncoding = 4; lastKnownFileType = sourcecode.swift; path = Models.swift; sourceTree = "<group>"; };
		9DDF0A221E96BD5A007DF849 /* AutoCases.generated.swift */ = {isa = PBXFileReference; fileEncoding = 4; lastKnownFileType = sourcecode.swift; path = AutoCases.generated.swift; sourceTree = "<group>"; };
		9DDF0A231E96BD5A007DF849 /* AutoDiffable.generated.swift */ = {isa = PBXFileReference; fileEncoding = 4; lastKnownFileType = sourcecode.swift; path = AutoDiffable.generated.swift; sourceTree = "<group>"; };
		9DDF0A241E96BD5A007DF849 /* AutoEquatable.generated.swift */ = {isa = PBXFileReference; fileEncoding = 4; lastKnownFileType = sourcecode.swift; path = AutoEquatable.generated.swift; sourceTree = "<group>"; };
		9DDF0A251E96BD5A007DF849 /* AutoHashable.generated.swift */ = {isa = PBXFileReference; fileEncoding = 4; lastKnownFileType = sourcecode.swift; path = AutoHashable.generated.swift; sourceTree = "<group>"; };
		9DDF0A261E96BD5A007DF849 /* AutoMockable.generated.swift */ = {isa = PBXFileReference; fileEncoding = 4; lastKnownFileType = sourcecode.swift; path = AutoMockable.generated.swift; sourceTree = "<group>"; };
		9DDF0A2C1E96BD75007DF849 /* AutoMocking.swift */ = {isa = PBXFileReference; lastKnownFileType = sourcecode.swift; path = AutoMocking.swift; sourceTree = "<group>"; };
/* End PBXFileReference section */

/* Begin PBXFrameworksBuildPhase section */
		9DDF09E61E96B95B007DF849 /* Frameworks */ = {
			isa = PBXFrameworksBuildPhase;
			buildActionMask = 2147483647;
			files = (
			);
			runOnlyForDeploymentPostprocessing = 0;
		};
		9DDF09FA1E96B95B007DF849 /* Frameworks */ = {
			isa = PBXFrameworksBuildPhase;
			buildActionMask = 2147483647;
			files = (
			);
			runOnlyForDeploymentPostprocessing = 0;
		};
/* End PBXFrameworksBuildPhase section */

/* Begin PBXGroup section */
		9DDF09E01E96B95B007DF849 = {
			isa = PBXGroup;
			children = (
				9DDF0A0C1E96B9AF007DF849 /* monitor.sh */,
				9DDF0A0D1E96BB97007DF849 /* Templates */,
				9DDF09EB1E96B95B007DF849 /* AutoMocks */,
				9DDF0A001E96B95B007DF849 /* AutoMocksTests */,
				9DDF09EA1E96B95B007DF849 /* Products */,
			);
			sourceTree = "<group>";
		};
		9DDF09EA1E96B95B007DF849 /* Products */ = {
			isa = PBXGroup;
			children = (
				9DDF09E91E96B95B007DF849 /* AutoMocks.app */,
				9DDF09FD1E96B95B007DF849 /* AutoMocksTests.xctest */,
			);
			name = Products;
			sourceTree = "<group>";
		};
		9DDF09EB1E96B95B007DF849 /* AutoMocks */ = {
			isa = PBXGroup;
			children = (
				9DDF0A211E96BD5A007DF849 /* Generated */,
				9DDF0A0E1E96BBA1007DF849 /* Source */,
				9DDF09EC1E96B95B007DF849 /* AppDelegate.swift */,
				9DDF09EE1E96B95B007DF849 /* ViewController.swift */,
				9DDF09F01E96B95B007DF849 /* Main.storyboard */,
				9DDF09F31E96B95B007DF849 /* Assets.xcassets */,
				9DDF09F51E96B95B007DF849 /* LaunchScreen.storyboard */,
				9DDF09F81E96B95B007DF849 /* Info.plist */,
			);
			path = AutoMocks;
			sourceTree = "<group>";
		};
		9DDF0A001E96B95B007DF849 /* AutoMocksTests */ = {
			isa = PBXGroup;
			children = (
				9DDF0A011E96B95B007DF849 /* AutoMocksTests.swift */,
				9DDF0A031E96B95B007DF849 /* Info.plist */,
			);
			path = AutoMocksTests;
			sourceTree = "<group>";
		};
		9DDF0A0D1E96BB97007DF849 /* Templates */ = {
			isa = PBXGroup;
			children = (
				9DDF0A131E96BC59007DF849 /* AutoCases.stencil */,
				9DDF0A141E96BC59007DF849 /* AutoDiffable.stencil */,
				9DDF0A151E96BC59007DF849 /* AutoHashable.stencil */,
				9DDF0A161E96BC59007DF849 /* AutoMockable.stencil */,
				9DDF0A111E96BBD9007DF849 /* AutoEquatable.stencil */,
			);
			path = Templates;
			sourceTree = "<group>";
		};
		9DDF0A0E1E96BBA1007DF849 /* Source */ = {
			isa = PBXGroup;
			children = (
				9DDF0A1B1E96BCEE007DF849 /* Actors.swift */,
				9DDF0A1D1E96BCEE007DF849 /* Models.swift */,
				9DDF0A2C1E96BD75007DF849 /* AutoMocking.swift */,
			);
			path = Source;
			sourceTree = "<group>";
		};
		9DDF0A211E96BD5A007DF849 /* Generated */ = {
			isa = PBXGroup;
			children = (
				9DDF0A221E96BD5A007DF849 /* AutoCases.generated.swift */,
				9DDF0A231E96BD5A007DF849 /* AutoDiffable.generated.swift */,
				9DDF0A241E96BD5A007DF849 /* AutoEquatable.generated.swift */,
				9DDF0A251E96BD5A007DF849 /* AutoHashable.generated.swift */,
				9DDF0A261E96BD5A007DF849 /* AutoMockable.generated.swift */,
			);
			path = Generated;
			sourceTree = "<group>";
		};
/* End PBXGroup section */

/* Begin PBXNativeTarget section */
		9DDF09E81E96B95B007DF849 /* AutoMocks */ = {
			isa = PBXNativeTarget;
			buildConfigurationList = 9DDF0A061E96B95B007DF849 /* Build configuration list for PBXNativeTarget "AutoMocks" */;
			buildPhases = (
				9DDF09E51E96B95B007DF849 /* Sources */,
				9DDF09E61E96B95B007DF849 /* Frameworks */,
				9DDF09E71E96B95B007DF849 /* Resources */,
			);
			buildRules = (
			);
			dependencies = (
			);
			name = AutoMocks;
			productName = AutoMocks;
			productReference = 9DDF09E91E96B95B007DF849 /* AutoMocks.app */;
			productType = "com.apple.product-type.application";
		};
		9DDF09FC1E96B95B007DF849 /* AutoMocksTests */ = {
			isa = PBXNativeTarget;
			buildConfigurationList = 9DDF0A091E96B95B007DF849 /* Build configuration list for PBXNativeTarget "AutoMocksTests" */;
			buildPhases = (
				9DDF09F91E96B95B007DF849 /* Sources */,
				9DDF09FA1E96B95B007DF849 /* Frameworks */,
				9DDF09FB1E96B95B007DF849 /* Resources */,
			);
			buildRules = (
			);
			dependencies = (
				9DDF09FF1E96B95B007DF849 /* PBXTargetDependency */,
			);
			name = AutoMocksTests;
			productName = AutoMocksTests;
			productReference = 9DDF09FD1E96B95B007DF849 /* AutoMocksTests.xctest */;
			productType = "com.apple.product-type.bundle.unit-test";
		};
/* End PBXNativeTarget section */

/* Begin PBXProject section */
		9DDF09E11E96B95B007DF849 /* Project object */ = {
			isa = PBXProject;
			attributes = {
				LastSwiftUpdateCheck = 0820;
				LastUpgradeCheck = 0820;
				ORGANIZATIONNAME = "Jeff Trespalacios";
				TargetAttributes = {
					9DDF09E81E96B95B007DF849 = {
						CreatedOnToolsVersion = 8.2.1;
						ProvisioningStyle = Automatic;
					};
					9DDF09FC1E96B95B007DF849 = {
						CreatedOnToolsVersion = 8.2.1;
						ProvisioningStyle = Automatic;
						TestTargetID = 9DDF09E81E96B95B007DF849;
					};
				};
			};
			buildConfigurationList = 9DDF09E41E96B95B007DF849 /* Build configuration list for PBXProject "AutoMocks" */;
			compatibilityVersion = "Xcode 3.2";
			developmentRegion = English;
			hasScannedForEncodings = 0;
			knownRegions = (
				en,
				Base,
			);
			mainGroup = 9DDF09E01E96B95B007DF849;
			productRefGroup = 9DDF09EA1E96B95B007DF849 /* Products */;
			projectDirPath = "";
			projectRoot = "";
			targets = (
				9DDF09E81E96B95B007DF849 /* AutoMocks */,
				9DDF09FC1E96B95B007DF849 /* AutoMocksTests */,
			);
		};
/* End PBXProject section */

/* Begin PBXResourcesBuildPhase section */
		9DDF09E71E96B95B007DF849 /* Resources */ = {
			isa = PBXResourcesBuildPhase;
			buildActionMask = 2147483647;
			files = (
				9DDF0A181E96BC59007DF849 /* AutoDiffable.stencil in Resources */,
				9DDF09F71E96B95B007DF849 /* LaunchScreen.storyboard in Resources */,
				9DDF09F41E96B95B007DF849 /* Assets.xcassets in Resources */,
				9DDF09F21E96B95B007DF849 /* Main.storyboard in Resources */,
				9DDF0A191E96BC59007DF849 /* AutoHashable.stencil in Resources */,
				9DDF0A121E96BBD9007DF849 /* AutoEquatable.stencil in Resources */,
				9DDF0A171E96BC59007DF849 /* AutoCases.stencil in Resources */,
				9DDF0A1A1E96BC59007DF849 /* AutoMockable.stencil in Resources */,
			);
			runOnlyForDeploymentPostprocessing = 0;
		};
		9DDF09FB1E96B95B007DF849 /* Resources */ = {
			isa = PBXResourcesBuildPhase;
			buildActionMask = 2147483647;
			files = (
			);
			runOnlyForDeploymentPostprocessing = 0;
		};
/* End PBXResourcesBuildPhase section */

/* Begin PBXSourcesBuildPhase section */
		9DDF09E51E96B95B007DF849 /* Sources */ = {
			isa = PBXSourcesBuildPhase;
			buildActionMask = 2147483647;
			files = (
				9DDF0A281E96BD5A007DF849 /* AutoDiffable.generated.swift in Sources */,
				9DDF0A1E1E96BCEE007DF849 /* Actors.swift in Sources */,
				9DDF0A271E96BD5A007DF849 /* AutoCases.generated.swift in Sources */,
				9DDF09EF1E96B95B007DF849 /* ViewController.swift in Sources */,
				9DDF09ED1E96B95B007DF849 /* AppDelegate.swift in Sources */,
				9DDF0A2A1E96BD5A007DF849 /* AutoHashable.generated.swift in Sources */,
				9DDF0A291E96BD5A007DF849 /* AutoEquatable.generated.swift in Sources */,
				9DDF0A201E96BCEE007DF849 /* Models.swift in Sources */,
				9DDF0A2B1E96BD5A007DF849 /* AutoMockable.generated.swift in Sources */,
			);
			runOnlyForDeploymentPostprocessing = 0;
		};
		9DDF09F91E96B95B007DF849 /* Sources */ = {
			isa = PBXSourcesBuildPhase;
			buildActionMask = 2147483647;
			files = (
				9DDF0A021E96B95B007DF849 /* AutoMocksTests.swift in Sources */,
			);
			runOnlyForDeploymentPostprocessing = 0;
		};
/* End PBXSourcesBuildPhase section */

/* Begin PBXTargetDependency section */
		9DDF09FF1E96B95B007DF849 /* PBXTargetDependency */ = {
			isa = PBXTargetDependency;
			target = 9DDF09E81E96B95B007DF849 /* AutoMocks */;
			targetProxy = 9DDF09FE1E96B95B007DF849 /* PBXContainerItemProxy */;
		};
/* End PBXTargetDependency section */

/* Begin PBXVariantGroup section */
		9DDF09F01E96B95B007DF849 /* Main.storyboard */ = {
			isa = PBXVariantGroup;
			children = (
				9DDF09F11E96B95B007DF849 /* Base */,
			);
			name = Main.storyboard;
			sourceTree = "<group>";
		};
		9DDF09F51E96B95B007DF849 /* LaunchScreen.storyboard */ = {
			isa = PBXVariantGroup;
			children = (
				9DDF09F61E96B95B007DF849 /* Base */,
			);
			name = LaunchScreen.storyboard;
			sourceTree = "<group>";
		};
/* End PBXVariantGroup section */

/* Begin XCBuildConfiguration section */
		9DDF0A041E96B95B007DF849 /* Debug */ = {
			isa = XCBuildConfiguration;
			buildSettings = {
				ALWAYS_SEARCH_USER_PATHS = NO;
				CLANG_ANALYZER_NONNULL = YES;
				CLANG_CXX_LANGUAGE_STANDARD = "gnu++0x";
				CLANG_CXX_LIBRARY = "libc++";
				CLANG_ENABLE_MODULES = YES;
				CLANG_ENABLE_OBJC_ARC = YES;
				CLANG_WARN_BOOL_CONVERSION = YES;
				CLANG_WARN_CONSTANT_CONVERSION = YES;
				CLANG_WARN_DIRECT_OBJC_ISA_USAGE = YES_ERROR;
				CLANG_WARN_DOCUMENTATION_COMMENTS = YES;
				CLANG_WARN_EMPTY_BODY = YES;
				CLANG_WARN_ENUM_CONVERSION = YES;
				CLANG_WARN_INFINITE_RECURSION = YES;
				CLANG_WARN_INT_CONVERSION = YES;
				CLANG_WARN_OBJC_ROOT_CLASS = YES_ERROR;
				CLANG_WARN_SUSPICIOUS_MOVE = YES;
				CLANG_WARN_UNREACHABLE_CODE = YES;
				CLANG_WARN__DUPLICATE_METHOD_MATCH = YES;
				"CODE_SIGN_IDENTITY[sdk=iphoneos*]" = "iPhone Developer";
				COPY_PHASE_STRIP = NO;
				DEBUG_INFORMATION_FORMAT = dwarf;
				ENABLE_STRICT_OBJC_MSGSEND = YES;
				ENABLE_TESTABILITY = YES;
				GCC_C_LANGUAGE_STANDARD = gnu99;
				GCC_DYNAMIC_NO_PIC = NO;
				GCC_NO_COMMON_BLOCKS = YES;
				GCC_OPTIMIZATION_LEVEL = 0;
				GCC_PREPROCESSOR_DEFINITIONS = (
					"DEBUG=1",
					"$(inherited)",
				);
				GCC_WARN_64_TO_32_BIT_CONVERSION = YES;
				GCC_WARN_ABOUT_RETURN_TYPE = YES_ERROR;
				GCC_WARN_UNDECLARED_SELECTOR = YES;
				GCC_WARN_UNINITIALIZED_AUTOS = YES_AGGRESSIVE;
				GCC_WARN_UNUSED_FUNCTION = YES;
				GCC_WARN_UNUSED_VARIABLE = YES;
				IPHONEOS_DEPLOYMENT_TARGET = 10.2;
				MTL_ENABLE_DEBUG_INFO = YES;
				ONLY_ACTIVE_ARCH = YES;
				SDKROOT = iphoneos;
				SWIFT_ACTIVE_COMPILATION_CONDITIONS = DEBUG;
				SWIFT_OPTIMIZATION_LEVEL = "-Onone";
			};
			name = Debug;
		};
		9DDF0A051E96B95B007DF849 /* Release */ = {
			isa = XCBuildConfiguration;
			buildSettings = {
				ALWAYS_SEARCH_USER_PATHS = NO;
				CLANG_ANALYZER_NONNULL = YES;
				CLANG_CXX_LANGUAGE_STANDARD = "gnu++0x";
				CLANG_CXX_LIBRARY = "libc++";
				CLANG_ENABLE_MODULES = YES;
				CLANG_ENABLE_OBJC_ARC = YES;
				CLANG_WARN_BOOL_CONVERSION = YES;
				CLANG_WARN_CONSTANT_CONVERSION = YES;
				CLANG_WARN_DIRECT_OBJC_ISA_USAGE = YES_ERROR;
				CLANG_WARN_DOCUMENTATION_COMMENTS = YES;
				CLANG_WARN_EMPTY_BODY = YES;
				CLANG_WARN_ENUM_CONVERSION = YES;
				CLANG_WARN_INFINITE_RECURSION = YES;
				CLANG_WARN_INT_CONVERSION = YES;
				CLANG_WARN_OBJC_ROOT_CLASS = YES_ERROR;
				CLANG_WARN_SUSPICIOUS_MOVE = YES;
				CLANG_WARN_UNREACHABLE_CODE = YES;
				CLANG_WARN__DUPLICATE_METHOD_MATCH = YES;
				"CODE_SIGN_IDENTITY[sdk=iphoneos*]" = "iPhone Developer";
				COPY_PHASE_STRIP = NO;
				DEBUG_INFORMATION_FORMAT = "dwarf-with-dsym";
				ENABLE_NS_ASSERTIONS = NO;
				ENABLE_STRICT_OBJC_MSGSEND = YES;
				GCC_C_LANGUAGE_STANDARD = gnu99;
				GCC_NO_COMMON_BLOCKS = YES;
				GCC_WARN_64_TO_32_BIT_CONVERSION = YES;
				GCC_WARN_ABOUT_RETURN_TYPE = YES_ERROR;
				GCC_WARN_UNDECLARED_SELECTOR = YES;
				GCC_WARN_UNINITIALIZED_AUTOS = YES_AGGRESSIVE;
				GCC_WARN_UNUSED_FUNCTION = YES;
				GCC_WARN_UNUSED_VARIABLE = YES;
				IPHONEOS_DEPLOYMENT_TARGET = 10.2;
				MTL_ENABLE_DEBUG_INFO = NO;
				SDKROOT = iphoneos;
				SWIFT_OPTIMIZATION_LEVEL = "-Owholemodule";
				VALIDATE_PRODUCT = YES;
			};
			name = Release;
		};
		9DDF0A071E96B95B007DF849 /* Debug */ = {
			isa = XCBuildConfiguration;
			buildSettings = {
				ASSETCATALOG_COMPILER_APPICON_NAME = AppIcon;
				INFOPLIST_FILE = AutoMocks/Info.plist;
				LD_RUNPATH_SEARCH_PATHS = "$(inherited) @executable_path/Frameworks";
				PRODUCT_BUNDLE_IDENTIFIER = com.grindr.AutoMocks;
				PRODUCT_NAME = "$(TARGET_NAME)";
				SWIFT_VERSION = 3.0;
			};
			name = Debug;
		};
		9DDF0A081E96B95B007DF849 /* Release */ = {
			isa = XCBuildConfiguration;
			buildSettings = {
				ASSETCATALOG_COMPILER_APPICON_NAME = AppIcon;
				INFOPLIST_FILE = AutoMocks/Info.plist;
				LD_RUNPATH_SEARCH_PATHS = "$(inherited) @executable_path/Frameworks";
				PRODUCT_BUNDLE_IDENTIFIER = com.grindr.AutoMocks;
				PRODUCT_NAME = "$(TARGET_NAME)";
				SWIFT_VERSION = 3.0;
			};
			name = Release;
		};
		9DDF0A0A1E96B95B007DF849 /* Debug */ = {
			isa = XCBuildConfiguration;
			buildSettings = {
				ALWAYS_EMBED_SWIFT_STANDARD_LIBRARIES = YES;
				BUNDLE_LOADER = "$(TEST_HOST)";
				INFOPLIST_FILE = AutoMocksTests/Info.plist;
				LD_RUNPATH_SEARCH_PATHS = "$(inherited) @executable_path/Frameworks @loader_path/Frameworks";
				PRODUCT_BUNDLE_IDENTIFIER = com.grindr.AutoMocksTests;
				PRODUCT_NAME = "$(TARGET_NAME)";
				SWIFT_VERSION = 3.0;
				TEST_HOST = "$(BUILT_PRODUCTS_DIR)/AutoMocks.app/AutoMocks";
			};
			name = Debug;
		};
		9DDF0A0B1E96B95B007DF849 /* Release */ = {
			isa = XCBuildConfiguration;
			buildSettings = {
				ALWAYS_EMBED_SWIFT_STANDARD_LIBRARIES = YES;
				BUNDLE_LOADER = "$(TEST_HOST)";
				INFOPLIST_FILE = AutoMocksTests/Info.plist;
				LD_RUNPATH_SEARCH_PATHS = "$(inherited) @executable_path/Frameworks @loader_path/Frameworks";
				PRODUCT_BUNDLE_IDENTIFIER = com.grindr.AutoMocksTests;
				PRODUCT_NAME = "$(TARGET_NAME)";
				SWIFT_VERSION = 3.0;
				TEST_HOST = "$(BUILT_PRODUCTS_DIR)/AutoMocks.app/AutoMocks";
			};
			name = Release;
		};
/* End XCBuildConfiguration section */

/* Begin XCConfigurationList section */
		9DDF09E41E96B95B007DF849 /* Build configuration list for PBXProject "AutoMocks" */ = {
			isa = XCConfigurationList;
			buildConfigurations = (
				9DDF0A041E96B95B007DF849 /* Debug */,
				9DDF0A051E96B95B007DF849 /* Release */,
			);
			defaultConfigurationIsVisible = 0;
			defaultConfigurationName = Release;
		};
		9DDF0A061E96B95B007DF849 /* Build configuration list for PBXNativeTarget "AutoMocks" */ = {
			isa = XCConfigurationList;
			buildConfigurations = (
				9DDF0A071E96B95B007DF849 /* Debug */,
				9DDF0A081E96B95B007DF849 /* Release */,
			);
			defaultConfigurationIsVisible = 0;
			defaultConfigurationName = Release;
		};
		9DDF0A091E96B95B007DF849 /* Build configuration list for PBXNativeTarget "AutoMocksTests" */ = {
			isa = XCConfigurationList;
			buildConfigurations = (
				9DDF0A0A1E96B95B007DF849 /* Debug */,
				9DDF0A0B1E96B95B007DF849 /* Release */,
			);
			defaultConfigurationIsVisible = 0;
			defaultConfigurationName = Release;
		};
/* End XCConfigurationList section */
	};
	rootObject = 9DDF09E11E96B95B007DF849 /* Project object */;
}
